
Microsoft Visual Studio Solution File, Format Version 11.00
# Visual Studio 2010
Project("{FAE04EC0-301F-11D3-BF4B-00C04F79EFBC}") = "unlockervip", "unlockervip\unlockervip.csproj", "{411D45D4-EF1C-4507-93A6-5064FE37078D}"
EndProject
Global
	GlobalSection(SolutionConfigurationPlatforms) = preSolution
		Debug|Any CPU = Debug|Any CPU
		Release|Any CPU = Release|Any CPU
	EndGlobalSection
	GlobalSection(ProjectConfigurationPlatforms) = postSolution
		{411D45D4-EF1C-4507-93A6-5064FE37078D}.Debug|Any CPU.ActiveCfg = Debug|Any CPU
		{411D45D4-EF1C-4507-93A6-5064FE37078D}.Debug|Any CPU.Build.0 = Debug|Any CPU
		{411D45D4-EF1C-4507-93A6-5064FE37078D}.Release|Any CPU.ActiveCfg = Release|Any CPU
		{411D45D4-EF1C-4507-93A6-5064FE37078D}.Release|Any CPU.Build.0 = Release|Any CPU
	EndGlobalSection
	GlobalSection(SolutionProperties) = preSolution
		HideSolutionNode = FALSE
	EndGlobalSection
EndGlobal
